
Microsoft Visual Studio Solution File, Format Version 12.00
Project("{FAE04EC0-301F-11D3-BF4B-00C04F79EFBC}") = "EF.Model", "EF.Model\EF.Model.csproj", "{DCB63C4F-E406-487F-8BBB-0E6E5EC28F22}"
EndProject
Project("{FAE04EC0-301F-11D3-BF4B-00C04F79EFBC}") = "EF.Lib", "EF.Lib\EF.Lib.csproj", "{1D65CB79-73B9-45A4-80B7-720472934224}"
EndProject
Project("{FAE04EC0-301F-11D3-BF4B-00C04F79EFBC}") = "Application", "Application\Application.csproj", "{5712CE28-810A-482F-8170-36C790AC89B4}"
EndProject
Global
	GlobalSection(SolutionConfigurationPlatforms) = preSolution
		Debug|Any CPU = Debug|Any CPU
		Release|Any CPU = Release|Any CPU
	EndGlobalSection
	GlobalSection(ProjectConfigurationPlatforms) = postSolution
		{DCB63C4F-E406-487F-8BBB-0E6E5EC28F22}.Debug|Any CPU.ActiveCfg = Debug|Any CPU
		{DCB63C4F-E406-487F-8BBB-0E6E5EC28F22}.Debug|Any CPU.Build.0 = Debug|Any CPU
		{DCB63C4F-E406-487F-8BBB-0E6E5EC28F22}.Release|Any CPU.ActiveCfg = Release|Any CPU
		{DCB63C4F-E406-487F-8BBB-0E6E5EC28F22}.Release|Any CPU.Build.0 = Release|Any CPU
		{1D65CB79-73B9-45A4-80B7-720472934224}.Debug|Any CPU.ActiveCfg = Debug|Any CPU
		{1D65CB79-73B9-45A4-80B7-720472934224}.Debug|Any CPU.Build.0 = Debug|Any CPU
		{1D65CB79-73B9-45A4-80B7-720472934224}.Release|Any CPU.ActiveCfg = Release|Any CPU
		{1D65CB79-73B9-45A4-80B7-720472934224}.Release|Any CPU.Build.0 = Release|Any CPU
		{5712CE28-810A-482F-8170-36C790AC89B4}.Debug|Any CPU.ActiveCfg = Debug|Any CPU
		{5712CE28-810A-482F-8170-36C790AC89B4}.Debug|Any CPU.Build.0 = Debug|Any CPU
		{5712CE28-810A-482F-8170-36C790AC89B4}.Release|Any CPU.ActiveCfg = Release|Any CPU
		{5712CE28-810A-482F-8170-36C790AC89B4}.Release|Any CPU.Build.0 = Release|Any CPU
	EndGlobalSection
EndGlobal
